{
    "_meta": {
        "hash": {
            "sha256": "3ec1d070038208de2f8ed8826a5e98233338aa9c6f54a804b131bad880be8aee"
        },
        "pipfile-spec": 6,
        "requires": {
            "python_version": "3.13"
        },
        "sources": [
            {
                "name": "pypi",
                "url": "https://pypi.org/simple",
                "verify_ssl": true
            }
        ]
    },
    "default": {
        "rabbitizer": {
            "hashes": [
                "sha256:01e4e77ded9c4b8c7f30f4a710b730c2afb71164827ade1aeace9345c23e440d",
                "sha256:06931617df3ec8225d30923696ab09c54494eb0ecdd23157786a6b67c94d0737",
                "sha256:06bb25b78fe01be6b844bb73605f1cf44bd50f9d2b1c1cb2295e6ad2885323f0",
                "sha256:0b125bb406f64f2422ba4e5533df6201e530cc2ecddea599150d5c352fc85b28",
                "sha256:0ce5afa3b67d27e9d847c3808d7d00e18a86adfcfbde16afa99eeab669d20dde",
                "sha256:11fdf5fe4bf089bc5f78356a86a4f0ff6f2083e8717dfdc4609d9cc547e6dc4e",
                "sha256:1311e0b3cc238a517dc735a225a807b5aace4dc90da65377a04f0424a3afa5fe",
                "sha256:1810cc7a29c80a8a52315651457dd4215155a333c980a0c684dace6d3600591c",
                "sha256:1efbd026050a258e180e9069d6413fa31b51207fd9030333dbb2b07dbb006e68",
                "sha256:1fd3a64260345a1bc673450b5b53c43774eeef444f401311f2105b00f49b6375",
                "sha256:2153afc4b5b85b6d3c28b1edc8ef0b6ae73e6dab3b2c684757dc81a3583ad239",
                "sha256:2198f432227e6c25d56c44027c6dfae2655ebd3680ec62bc3a15c85687c20b31",
                "sha256:223f8aa2b1c1582bcd4f639cd8cdd8c601ba0cc6c09e217aae4d39ea1f80f837",
                "sha256:25c90464292ee174415c2b5161400b39f831fd88746f8ed90fa5fc3f08099bba",
                "sha256:277cb343e58dbc84f00ef7f1bf669a6f6430677c1bed2a9a21320741a2a0cf95",
                "sha256:28759100e6eabe4b2b1382461c9bdd68bdb7a34cedd76e4ae7e91c99be09702e",
                "sha256:2964b0db1438688f5a563195802b261b16f303c2b6ea757964911584126c7336",
                "sha256:2ab002563cf35bf120a48e6dab6354c4019d60e7aaa76d236ebef248587879eb",
                "sha256:35aefb7ed9938346de7790b90bda467a2aae293c84ee450f628a9a82ea236cac",
                "sha256:3f8c08b33018a9394e000dbae2a48fb94ddcbc8eeaaf50d3f0c26a6fd13fe72f",
                "sha256:432d8a966bae999aa1b03a1e707a781aed1d65f9814b7bc205f2549c617cd2b0",
                "sha256:4496a7123f716dec03f269cdc4f269b5c56408fa2066a2b0623d3dc6917dee09",
                "sha256:495ebb611df5dc0af5a1f73fdabe44a9cd6892b5357059ec14ac7bd5cc1fde2d",
                "sha256:4a8dce06aa62dde9572e4d05122106e290d35eea1af09b4d0a9d93ab5ae047b0",
                "sha256:517b63ffc01cf81fb80c8e2f78c9ab45b82d4957d32e71018d9713c44eab10a8",
                "sha256:53e5ea2aa3d151606b2c972dd8db7ce739943cb46ffed0a6e81c8184636e69b4",
                "sha256:542276d10cbc712c8b5d89da949a93a89317628dfaa843864170bfb5f90ddafc",
                "sha256:54d178b060c2935ec283dd8b90aa76f6863d72e1cf7a5733c879459406c95eaf",
                "sha256:554ca04b56282eba5a72a4dba91c93960bd3a8c1eb696daf141ff44fa0eed7f3",
                "sha256:565bdc881a023d5f027b311b007878cb249ea6771945539878295724bb4f506d",
                "sha256:56678913f1c13acf38c86e696f1b4f3b87220f594d4df1b51898016aca0ef243",
                "sha256:595f19ad5ae7a0fd844e6c5a12a1ace38de39df2db591409a65464d098b4f994",
                "sha256:5b830818713634ecf5debceb7519072e456f76fc61f93e4627b9d955f8b8c5f9",
                "sha256:5b85a122f2bf1d97eb0fd4e4f2eaca80e2bc136906585fbd6df95f02ee461d58",
                "sha256:5e14dc6c823c86dd9281431211ef94df30cccf78ce945912ec699d8df7504d78",
                "sha256:5f8e6f644ee4a62c4f153ad841f851cdd7a32df81e1a3baebd53ab1ac47e445c",
                "sha256:5fe2297ed2126ebb2cb23baa304f200ec5615c60400fed8e1cf52b93eec3041a",
                "sha256:636b3335c86f0c10c7548220bc1ea0a6d50cdb238a1ee3426645dffdd8f2aaef",
                "sha256:6bb680b8f94f9c75f79b345ee018c66cecea07a9b33442069f4f907acddca70d",
                "sha256:6fb669da0641a73930e5a4bca485edbb32f93ca91ad725881ac3dfd5830faaf4",
                "sha256:704fbf2f5b592fe9eefe209a4afad9543397563c2f959f5d21edad9cd7de34fa",
                "sha256:70e8c075e868f0ca69370f236766397d14a877e3ba2c97f047e85f2103440243",
                "sha256:71200c646c25324ad8d23c03dffbf2d43cb99135f6c5bc3ea818f58c5a2d3ebd",
                "sha256:71747b8cae267aaca72d43c141b8e5cf9d57060d44d2f39df0e44041999df928",
                "sha256:7189df24fd01bbbfd7f34a68473f39e4e31a566458c99a3f77911af838260583",
                "sha256:71f65e32bbe70865e511efd6701e4bc097c48855e5416bec9062b3f9df7cfaa4",
                "sha256:73ec985f2510ad6114c4b83101370835bf9aef2e4b9a53e38e1dbd0f2538cdaf",
                "sha256:742216c4f1102a3b68b4dcf363f8e86146903ca7f0c659c09555f47798ac6d84",
                "sha256:76c18171505398d25d187457b465a7968a5a7eda9c2cd9481d3534ba924f49a4",
                "sha256:773183f854aa470eccbbc2d47899d95189230987ae39349ddc8b2d4bad69c114",
                "sha256:795da090fb09bf97c1c22c82edec3719def6f9d8cf7e4a26e8d7bf395d5a092c",
                "sha256:84c3e8b5808fdfd51f9aecd4b06b51d5ebc842c8bc8424726501265fcc6fc6e4",
                "sha256:86da0dd801bd876aab4a7ead15389caf00022e49e226423a664bd8c7c833e208",
                "sha256:86feef469d515a09885cb40cb3f6a8112422d477a1193b1e3025bb0705cbdb42",
                "sha256:8726a726eeece3304143360cbd17af44abf17081fdca734fbec807abe82e7825",
                "sha256:876072a08ae97daa49769b220811562ea27d9502eca48b770d0ca1eecb04724b",
                "sha256:894bfe1b67cbffa47d8d1be4cee1eed1f36a7cbf75545ac8d0bcd5e8978bf95c",
                "sha256:8cd309fcd7231d6191f2a57465d90fd7475c041074fd31b516b85e2b32d1db34",
                "sha256:984335d40860245400b5f06161a9f43919e4f1ccff01594d79f825606bc94f75",
                "sha256:9971969e74709fb21de52a13fe41a87e87a99af5dcf29d05ffa77d9c46c1528c",
                "sha256:9a4f7fe4d1c9a39f90aa99082e6f772c10b75ba24c51de94d4dd8a28dbd66e61",
                "sha256:9fec1862571dcfd23e890093ed49c8842fc252a49ed22cae0bafa13610de3208",
                "sha256:a080255bdb93144a8b6bcfab5c1b0b793f2ddcc82665a5c34100bed0c293b74c",
                "sha256:a2a38e6b975968b881c8c2533c96f5d72efc77dacd32155a432251e0d6abd064",
                "sha256:a4633f9c6466e56fcf8722872daf0712fa61b31acc2aedc58dfa87803f2f7a06",
                "sha256:a533834091f3021c1172c3022958a1d4eaf262cad82c041be52a2de7ee295084",
                "sha256:c483c39695e3c9661a34fff1eada86921ea1595e3bd3ad7c1f4dbf3ba9c5e587",
                "sha256:c4eadd301dbda6923641a5522ad168e2075e47ac843ef45e7d717624b6ec79fe",
                "sha256:c69076cdf2fe530bea73e7ef6b0aeb26f73940db30c1ad32fe5f03cde3e02900",
                "sha256:c71bd62caee850e867448990e14653e05a37d390790f397e63d06c90ef1f9bda",
                "sha256:cb8890b78c3d24f92f04eaf139a9950aa29198208dfc76debcbe3c6600f747e9",
                "sha256:cd4d6e9cc803c3516a4451c57979cf60cd803164d246980597d2ff0146b6f94c",
                "sha256:cff7e54e54aa11a434e3957ca16364470586b718751c18def164826bd2742249",
                "sha256:d1d7b674c92f268a96d60f887fc836c172e8cbd54181e7ce42e06b7e3e6e7b0c",
                "sha256:d2a5e005a9307708d03a921ba6653c59fd64cba53cf27da71b8eb44d92632a2c",
                "sha256:d66a2516ef0a5e7e2d09791249651efb83c8c6ec8a0cc1ebb9ebf1cbae550ca5",
                "sha256:d8a1825d5f1e0f86e1b9eae1036c8f423d637c17430671d0536c13f58f278327",
                "sha256:e53b181c7aff185d170ac40a5b618a9930a9bea3e9143f798983753e7f9ab33d",
                "sha256:e8231b1377747ce4b987ccf566e37d71230d0ec185cb3100a4693f0009fc809b",
                "sha256:ef63137c516de99c63cd64434766843980c07f3af21ec1789244cf6b5f11184e",
                "sha256:f21ced0d886072d912ee71c71789da9996850edc46eb64d34258b59fc1144904",
                "sha256:f5ffe99bc7a121e4ffda29d9972bc6266542d762148d7ba71ed65fb3bf963037",
                "sha256:f7c34370b3eab9843a6b56f725ea2c14b19a39e56733c455d8a9fe23bb090a2d",
                "sha256:fae31286a2080d0991d0fae872488df775e4088f991c7892ec4fced5bbfa49a1",
                "sha256:fc599e535dad8d14a8c1c282bf5b2d599971c70dbb7a6e49ff58cab490ecdb52",
                "sha256:fcfb88e1f562ad579f7f1562525efe7811fc2ef2fe44b8ebc09c7499b9602dc1",
                "sha256:fdf266e13d5bb85e16dfb64668cadbd9edb7f3c2efd28d5981b597bf6b79e6f8"
            ],
            "index": "pypi",
            "markers": "python_version >= '3.9'",
            "version": "==1.14.3"
        }
    },
    "develop": {}
}
